<?xml version="1.0" encoding="utf-8"?>
<Project ToolsVersion="4.0" xmlns="http://schemas.microsoft.com/developer/msbuild/2003">
  <ItemGroup>
    <ClCompile Include="Src\APICommon.c">
      <Filter>Sources</Filter>
    </ClCompile>
    <ClCompile Include="Src\$(ProjectName).cpp">
      <Filter>Sources</Filter>
    </ClCompile>
    <ClCompile Include="Src\Table\Excel.cpp">
      <Filter>Sources\Table</Filter>
    </ClCompile>
    <ClCompile Include="Src\Table\ResultTable.cpp">
      <Filter>Sources\Table</Filter>
    </ClCompile>
    <ClCompile Include="Src\ACSpecific\Profile.cpp">
      <Filter>Sources\ACSpecific</Filter>
    </ClCompile>
    <ClCompile Include="Src\ACSpecific\SEO.cpp">
      <Filter>Sources\ACSpecific</Filter>
    </ClCompile>
    <ClCompile Include="Src\ACSpecific\Attribute.cpp">
      <Filter>Sources\ACSpecific</Filter>
    </ClCompile>
    <ClCompile Include="Src\ACSpecific\Element.cpp">
      <Filter>Sources\ACSpecific</Filter>
    </ClCompile>
    <ClCompile Include="Src\ACSpecific\LibPart.cpp">
      <Filter>Sources\ACSpecific</Filter>
    </ClCompile>
    <ClCompile Include="Src\ACSpecific\Navigator.cpp">
      <Filter>Sources\ACSpecific</Filter>
    </ClCompile>
    <ClCompile Include="Src\Data\AttributeUsage.cpp">
      <Filter>Sources\Data</Filter>
    </ClCompile>
    <ClCompile Include="Src\Data\SettingsSingleton.cpp">
      <Filter>Sources\Data</Filter>
    </ClCompile>
    <ClCompile Include="Src\Data\WinReg.cpp">
      <Filter>Sources\Data</Filter>
    </ClCompile>
    <ClCompile Include="Src\Data\APITypeDict.cpp">
      <Filter>Sources\Data</Filter>
    </ClCompile>
    <ClCompile Include="Src\Utils\Utils.cpp">
      <Filter>Sources\Utils</Filter>
    </ClCompile>
    <ClCompile Include="Src\Data\DataStructs.cpp">
      <Filter>Sources\Data</Filter>
    </ClCompile>
    <ClCompile Include="Src\Table\LibXLExtended.cpp">
      <Filter>Sources\Table</Filter>
    </ClCompile>
    <ClCompile Include="Src\ResultRow.cpp">
      <Filter>Sources\Data</Filter>
    </ClCompile>
  </ItemGroup>
  <ItemGroup>
    <Library Include="$(ACDevKitModules)\GSRoot\Win\GSRootImp.lib">
      <Filter>Libs</Filter>
    </Library>
    <Library Include="$(ACDevKitModules)\GSUtils\Win\GSUtilsImp.lib">
      <Filter>Libs</Filter>
    </Library>
    <Library Include="$(ACDevKitModules)\InputOutput\Win\InputOutputImp.lib">
      <Filter>Libs</Filter>
    </Library>
    <Library Include="$(ACDevKitModules)\DGLib\Win\DGImp.lib">
      <Filter>Libs</Filter>
    </Library>
    <Library Include="$(ACDevKitModules)\LibXL\Win\LibXLImp.lib">
      <Filter>Libs</Filter>
    </Library>
    <Library Include="$(ACDevKitModules)\ObjectDatabase\Win\ObjectDatabaseImp.LIB">
      <Filter>Libs</Filter>
    </Library>
    <Library Include="$(ACDevKitModules)\RS\Win\RSImp.lib">
      <Filter>Libs</Filter>
    </Library>
    <Library Include="$(ACDevKitModules)\Geometry\Win\GeometryImp.LIB">
      <Filter>Libs</Filter>
    </Library>
    <Library Include="$(ACDevKitModules)\Pattern\Win\PatternImp.LIB">
      <Filter>Libs</Filter>
    </Library>
    <Library Include="$(ACDevKitModules)\VectorImage\Win\VectorImageImp.LIB">
      <Filter>Libs</Filter>
    </Library>
    <Library Include="$(ACDevKitSupport)\Lib\Win\ACAP_STATD.lib">
      <Filter>Libs</Filter>
    </Library>
  </ItemGroup>
  <ItemGroup>
    <CustomBuild Include="RFIX.WIN\$(ProjectName).rc2">
      <Filter>Resources</Filter>
    </CustomBuild>
    <CustomBuild Include="RFIX\$(ProjectName)Fix.grc">
      <Filter>Resources</Filter>
    </CustomBuild>
    <CustomBuild Include="RINT\$(ProjectName).$(LanguageCode).grc">
      <Filter>Resources</Filter>
    </CustomBuild>
  </ItemGroup>
  <ItemGroup>
    <Filter Include="Libs">
      <UniqueIdentifier>{c95d90ee-2a44-42a0-af6c-a1d36151215a}</UniqueIdentifier>
    </Filter>
    <Filter Include="Resources">
      <UniqueIdentifier>{513f4134-7578-4506-beec-21ea3a3af7b3}</UniqueIdentifier>
    </Filter>
    <Filter Include="Sources">
      <UniqueIdentifier>{a3aef5fb-f8a0-4cee-98ca-bf5696357aed}</UniqueIdentifier>
    </Filter>
    <Filter Include="Sources\Constants">
      <UniqueIdentifier>{ee35b3d3-9334-461d-a023-2e13d2195a07}</UniqueIdentifier>
    </Filter>
    <Filter Include="Sources\Table">
      <UniqueIdentifier>{08ca5310-72dd-4e6b-ab4f-a230ddb4ea97}</UniqueIdentifier>
    </Filter>
    <Filter Include="Sources\ACSpecific">
      <UniqueIdentifier>{9f4bb474-660a-4153-ae56-5e7bbb24ceb9}</UniqueIdentifier>
    </Filter>
    <Filter Include="Sources\Data">
      <UniqueIdentifier>{c8a9fa03-4879-4652-b02b-e28343b3b05c}</UniqueIdentifier>
    </Filter>
    <Filter Include="Sources\Utils">
      <UniqueIdentifier>{2053e04e-b1c7-42e7-b062-d04bd6676ccf}</UniqueIdentifier>
    </Filter>
    <Filter Include="Sources\Enums">
      <UniqueIdentifier>{523bf36b-77d0-494a-b0ab-f10599ebd337}</UniqueIdentifier>
    </Filter>
  </ItemGroup>
  <ItemGroup>
    <ClInclude Include="Src\acTypes.hpp">
      <Filter>Sources\Constants</Filter>
    </ClInclude>
    <ClInclude Include="Src\APICommon.h">
      <Filter>Sources</Filter>
    </ClInclude>
    <ClInclude Include="Src\ProjectHealthChecker.hpp">
      <Filter>Sources</Filter>
    </ClInclude>
    <ClInclude Include="Src\Table\Excel.hpp">
      <Filter>Sources\Table</Filter>
    </ClInclude>
    <ClInclude Include="Src\Table\ResultTable.hpp">
      <Filter>Sources\Table</Filter>
    </ClInclude>
    <ClInclude Include="Src\ACSpecific\SEO.hpp">
      <Filter>Sources\ACSpecific</Filter>
    </ClInclude>
    <ClInclude Include="Src\ACSpecific\Profile.hpp">
      <Filter>Sources\ACSpecific</Filter>
    </ClInclude>
    <ClInclude Include="Src\ACSpecific\Attribute.hpp">
      <Filter>Sources\ACSpecific</Filter>
    </ClInclude>
    <ClInclude Include="Src\ACSpecific\Element.hpp">
      <Filter>Sources\ACSpecific</Filter>
    </ClInclude>
    <ClInclude Include="Src\ACSpecific\LibPart.hpp">
      <Filter>Sources\ACSpecific</Filter>
    </ClInclude>
    <ClInclude Include="Src\ACSpecific\Navigator.hpp">
      <Filter>Sources\ACSpecific</Filter>
    </ClInclude>
    <ClInclude Include="Src\APIEnvir.h">
      <Filter>Sources</Filter>
    </ClInclude>
    <ClInclude Include="Src\Data\AttributeUsage.hpp">
      <Filter>Sources\Data</Filter>
    </ClInclude>
    <ClInclude Include="Src\Data\SettingsSingleton.hpp">
      <Filter>Sources\Data</Filter>
    </ClInclude>
    <ClInclude Include="Src\Data\DataStructs.hpp">
      <Filter>Sources\Data</Filter>
    </ClInclude>
    <ClInclude Include="Src\Data\WinReg.hpp">
      <Filter>Sources\Data</Filter>
    </ClInclude>
    <ClInclude Include="Src\Data\APITypeDict.hpp">
      <Filter>Sources\Data</Filter>
    </ClInclude>
    <ClInclude Include="Src\Utils\Utils.hpp">
      <Filter>Sources\Utils</Filter>
    </ClInclude>
    <ClInclude Include="Src\Table\LibXLExtended.hpp">
      <Filter>Sources\Table</Filter>
    </ClInclude>
    <ClInclude Include="Src\ResultRow.hpp">
      <Filter>Sources\Data</Filter>
    </ClInclude>
    <ClInclude Include="Src\Enums\CheckboxEnum.hpp">
      <Filter>Sources\Enums</Filter>
    </ClInclude>
  </ItemGroup>
</Project>